// !$*UTF8*$!
{
	archiveVersion = 1;
	classes = {
	};
	objectVersion = 50;
	objects = {

/* Begin PBXBuildFile section */
		2B37FEEC22417601006E09B9 /* wishlistModule.h in Headers */ = {isa = PBXBuildFile; fileRef = 2B37FEEA22417601006E09B9 /* wishlistModule.h */; settings = {ATTRIBUTES = (Public, ); }; };
		2B37FF12224176AF006E09B9 /* DIRegistry.swift in Sources */ = {isa = PBXBuildFile; fileRef = 2B37FF11224176AF006E09B9 /* DIRegistry.swift */; };
		2B37FF772242C874006E09B9 /* InMemoryWishlistRepository.swift in Sources */ = {isa = PBXBuildFile; fileRef = 2B37FF762242C874006E09B9 /* InMemoryWishlistRepository.swift */; };
		2B37FF7E2242CAD7006E09B9 /* DependenciesModule.framework in Frameworks */ = {isa = PBXBuildFile; fileRef = 2B37FF7D2242CAD7006E09B9 /* DependenciesModule.framework */; };
		2B37FF8D2248069F006E09B9 /* Wishlist.storyboard in Resources */ = {isa = PBXBuildFile; fileRef = 2B37FF8C2248069F006E09B9 /* Wishlist.storyboard */; };
		2B37FF8F224806BA006E09B9 /* WishlistViewControllerProvider.swift in Sources */ = {isa = PBXBuildFile; fileRef = 2B37FF8E224806BA006E09B9 /* WishlistViewControllerProvider.swift */; };
		2B37FF922248084D006E09B9 /* WishlistViewController.swift in Sources */ = {isa = PBXBuildFile; fileRef = 2B37FF912248084D006E09B9 /* WishlistViewController.swift */; };
/* End PBXBuildFile section */

/* Begin PBXFileReference section */
		2B37FEE722417601006E09B9 /* WishlistModule.framework */ = {isa = PBXFileReference; explicitFileType = wrapper.framework; includeInIndex = 0; path = WishlistModule.framework; sourceTree = BUILT_PRODUCTS_DIR; };
		2B37FEEA22417601006E09B9 /* wishlistModule.h */ = {isa = PBXFileReference; lastKnownFileType = sourcecode.c.h; path = wishlistModule.h; sourceTree = "<group>"; };
		2B37FEEB22417601006E09B9 /* Info.plist */ = {isa = PBXFileReference; lastKnownFileType = text.plist.xml; path = Info.plist; sourceTree = "<group>"; };
		2B37FF11224176AF006E09B9 /* DIRegistry.swift */ = {isa = PBXFileReference; lastKnownFileType = sourcecode.swift; path = DIRegistry.swift; sourceTree = "<group>"; };
		2B37FF762242C874006E09B9 /* InMemoryWishlistRepository.swift */ = {isa = PBXFileReference; lastKnownFileType = sourcecode.swift; path = InMemoryWishlistRepository.swift; sourceTree = "<group>"; };
		2B37FF7D2242CAD7006E09B9 /* DependenciesModule.framework */ = {isa = PBXFileReference; explicitFileType = wrapper.framework; path = DependenciesModule.framework; sourceTree = BUILT_PRODUCTS_DIR; };
		2B37FF812242D5C3006E09B9 /* Pods_ShoppingModule.framework */ = {isa = PBXFileReference; explicitFileType = wrapper.framework; path = Pods_ShoppingModule.framework; sourceTree = BUILT_PRODUCTS_DIR; };
		2B37FF8C2248069F006E09B9 /* Wishlist.storyboard */ = {isa = PBXFileReference; lastKnownFileType = file.storyboard; path = Wishlist.storyboard; sourceTree = "<group>"; };
		2B37FF8E224806BA006E09B9 /* WishlistViewControllerProvider.swift */ = {isa = PBXFileReference; lastKnownFileType = sourcecode.swift; path = WishlistViewControllerProvider.swift; sourceTree = "<group>"; };
		2B37FF912248084D006E09B9 /* WishlistViewController.swift */ = {isa = PBXFileReference; lastKnownFileType = sourcecode.swift; path = WishlistViewController.swift; sourceTree = "<group>"; };
		33706CF7482D46ED6D12A924 /* Pods_WishlistModule.framework */ = {isa = PBXFileReference; explicitFileType = wrapper.framework; includeInIndex = 0; path = Pods_WishlistModule.framework; sourceTree = BUILT_PRODUCTS_DIR; };
		423620C86930BDF01433DAE8 /* Pods-WishlistModule.debug.xcconfig */ = {isa = PBXFileReference; includeInIndex = 1; lastKnownFileType = text.xcconfig; name = "Pods-WishlistModule.debug.xcconfig"; path = "Target Support Files/Pods-WishlistModule/Pods-WishlistModule.debug.xcconfig"; sourceTree = "<group>"; };
		A71788A2761885D248766D2E /* Pods_wishlistModule.framework */ = {isa = PBXFileReference; explicitFileType = wrapper.framework; includeInIndex = 0; path = Pods_wishlistModule.framework; sourceTree = BUILT_PRODUCTS_DIR; };
		FE00960038F2CDEBFC766BAA /* Pods-WishlistModule.release.xcconfig */ = {isa = PBXFileReference; includeInIndex = 1; lastKnownFileType = text.xcconfig; name = "Pods-WishlistModule.release.xcconfig"; path = "Target Support Files/Pods-WishlistModule/Pods-WishlistModule.release.xcconfig"; sourceTree = "<group>"; };
/* End PBXFileReference section */

/* Begin PBXFrameworksBuildPhase section */
		2B37FEE422417601006E09B9 /* Frameworks */ = {
			isa = PBXFrameworksBuildPhase;
			buildActionMask = 2147483647;
			files = (
				2B37FF7E2242CAD7006E09B9 /* DependenciesModule.framework in Frameworks */,
			);
			runOnlyForDeploymentPostprocessing = 0;
		};
/* End PBXFrameworksBuildPhase section */

/* Begin PBXGroup section */
		2B37FEDD22417601006E09B9 = {
			isa = PBXGroup;
			children = (
				2B37FEE922417601006E09B9 /* WishlistModule */,
				2B37FEE822417601006E09B9 /* Products */,
				CC6032BAB89745D81091A684 /* Frameworks */,
				72E66234479F663F97CD5A1A /* Pods */,
			);
			sourceTree = "<group>";
		};
		2B37FEE822417601006E09B9 /* Products */ = {
			isa = PBXGroup;
			children = (
				2B37FEE722417601006E09B9 /* WishlistModule.framework */,
			);
			name = Products;
			sourceTree = "<group>";
		};
		2B37FEE922417601006E09B9 /* WishlistModule */ = {
			isa = PBXGroup;
			children = (
				2B37FF90224807CD006E09B9 /* Providers */,
				2B37FF8B22480691006E09B9 /* UI */,
				2B37FEEA22417601006E09B9 /* wishlistModule.h */,
				2B37FEEB22417601006E09B9 /* Info.plist */,
				2B37FF11224176AF006E09B9 /* DIRegistry.swift */,
				2B37FF762242C874006E09B9 /* InMemoryWishlistRepository.swift */,
			);
			path = WishlistModule;
			sourceTree = "<group>";
		};
		2B37FF8B22480691006E09B9 /* UI */ = {
			isa = PBXGroup;
			children = (
				2B37FF8C2248069F006E09B9 /* Wishlist.storyboard */,
				2B37FF912248084D006E09B9 /* WishlistViewController.swift */,
			);
			path = UI;
			sourceTree = "<group>";
		};
		2B37FF90224807CD006E09B9 /* Providers */ = {
			isa = PBXGroup;
			children = (
				2B37FF8E224806BA006E09B9 /* WishlistViewControllerProvider.swift */,
			);
			path = Providers;
			sourceTree = "<group>";
		};
		72E66234479F663F97CD5A1A /* Pods */ = {
			isa = PBXGroup;
			children = (
				423620C86930BDF01433DAE8 /* Pods-WishlistModule.debug.xcconfig */,
				FE00960038F2CDEBFC766BAA /* Pods-WishlistModule.release.xcconfig */,
			);
			name = Pods;
			path = ../Pods;
			sourceTree = "<group>";
		};
		CC6032BAB89745D81091A684 /* Frameworks */ = {
			isa = PBXGroup;
			children = (
				2B37FF812242D5C3006E09B9 /* Pods_ShoppingModule.framework */,
				2B37FF7D2242CAD7006E09B9 /* DependenciesModule.framework */,
				A71788A2761885D248766D2E /* Pods_wishlistModule.framework */,
				33706CF7482D46ED6D12A924 /* Pods_WishlistModule.framework */,
			);
			name = Frameworks;
			sourceTree = "<group>";
		};
/* End PBXGroup section */

/* Begin PBXHeadersBuildPhase section */
		2B37FEE222417601006E09B9 /* Headers */ = {
			isa = PBXHeadersBuildPhase;
			buildActionMask = 2147483647;
			files = (
				2B37FEEC22417601006E09B9 /* wishlistModule.h in Headers */,
			);
			runOnlyForDeploymentPostprocessing = 0;
		};
/* End PBXHeadersBuildPhase section */

/* Begin PBXNativeTarget section */
		2B37FEE622417601006E09B9 /* WishlistModule */ = {
			isa = PBXNativeTarget;
			buildConfigurationList = 2B37FEEF22417601006E09B9 /* Build configuration list for PBXNativeTarget "WishlistModule" */;
			buildPhases = (
				915B3A801025348488D74C95 /* [CP] Check Pods Manifest.lock */,
				2B37FEE222417601006E09B9 /* Headers */,
				2B37FEE322417601006E09B9 /* Sources */,
				2B37FEE422417601006E09B9 /* Frameworks */,
				2B37FEE522417601006E09B9 /* Resources */,
			);
			buildRules = (
			);
			dependencies = (
			);
			name = WishlistModule;
			productName = wishlistModule;
			productReference = 2B37FEE722417601006E09B9 /* WishlistModule.framework */;
			productType = "com.apple.product-type.framework";
		};
/* End PBXNativeTarget section */

/* Begin PBXProject section */
		2B37FEDE22417601006E09B9 /* Project object */ = {
			isa = PBXProject;
			attributes = {
				LastUpgradeCheck = 1010;
				ORGANIZATIONNAME = martijnschoemaker;
				TargetAttributes = {
					2B37FEE622417601006E09B9 = {
						CreatedOnToolsVersion = 10.1;
						LastSwiftMigration = 1010;
					};
				};
			};
			buildConfigurationList = 2B37FEE122417601006E09B9 /* Build configuration list for PBXProject "WishlistModule" */;
			compatibilityVersion = "Xcode 9.3";
			developmentRegion = en;
			hasScannedForEncodings = 0;
			knownRegions = (
				en,
			);
			mainGroup = 2B37FEDD22417601006E09B9;
			productRefGroup = 2B37FEE822417601006E09B9 /* Products */;
			projectDirPath = "";
			projectRoot = "";
			targets = (
				2B37FEE622417601006E09B9 /* WishlistModule */,
			);
		};
/* End PBXProject section */

/* Begin PBXResourcesBuildPhase section */
		2B37FEE522417601006E09B9 /* Resources */ = {
			isa = PBXResourcesBuildPhase;
			buildActionMask = 2147483647;
			files = (
				2B37FF8D2248069F006E09B9 /* Wishlist.storyboard in Resources */,
			);
			runOnlyForDeploymentPostprocessing = 0;
		};
/* End PBXResourcesBuildPhase section */

/* Begin PBXShellScriptBuildPhase section */
		915B3A801025348488D74C95 /* [CP] Check Pods Manifest.lock */ = {
			isa = PBXShellScriptBuildPhase;
			buildActionMask = 2147483647;
			files = (
			);
			inputFileListPaths = (
			);
			inputPaths = (
				"${PODS_PODFILE_DIR_PATH}/Podfile.lock",
				"${PODS_ROOT}/Manifest.lock",
			);
			name = "[CP] Check Pods Manifest.lock";
			outputFileListPaths = (
			);
			outputPaths = (
				"$(DERIVED_FILE_DIR)/Pods-WishlistModule-checkManifestLockResult.txt",
			);
			runOnlyForDeploymentPostprocessing = 0;
			shellPath = /bin/sh;
			shellScript = "diff \"${PODS_PODFILE_DIR_PATH}/Podfile.lock\" \"${PODS_ROOT}/Manifest.lock\" > /dev/null\nif [ $? != 0 ] ; then\n    # print error to STDERR\n    echo \"error: The sandbox is not in sync with the Podfile.lock. Run 'pod install' or update your CocoaPods installation.\" >&2\n    exit 1\nfi\n# This output is used by Xcode 'outputs' to avoid re-running this script phase.\necho \"SUCCESS\" > \"${SCRIPT_OUTPUT_FILE_0}\"\n";
			showEnvVarsInLog = 0;
		};
/* End PBXShellScriptBuildPhase section */

/* Begin PBXSourcesBuildPhase section */
		2B37FEE322417601006E09B9 /* Sources */ = {
			isa = PBXSourcesBuildPhase;
			buildActionMask = 2147483647;
			files = (
				2B37FF8F224806BA006E09B9 /* WishlistViewControllerProvider.swift in Sources */,
				2B37FF922248084D006E09B9 /* WishlistViewController.swift in Sources */,
				2B37FF772242C874006E09B9 /* InMemoryWishlistRepository.swift in Sources */,
				2B37FF12224176AF006E09B9 /* DIRegistry.swift in Sources */,
			);
			runOnlyForDeploymentPostprocessing = 0;
		};
/* End PBXSourcesBuildPhase section */

/* Begin XCBuildConfiguration section */
		2B37FEED22417601006E09B9 /* Debug */ = {
			isa = XCBuildConfiguration;
			buildSettings = {
				ALWAYS_SEARCH_USER_PATHS = NO;
				CLANG_ANALYZER_NONNULL = YES;
				CLANG_ANALYZER_NUMBER_OBJECT_CONVERSION = YES_AGGRESSIVE;
				CLANG_CXX_LANGUAGE_STANDARD = "gnu++14";
				CLANG_CXX_LIBRARY = "libc++";
				CLANG_ENABLE_MODULES = YES;
				CLANG_ENABLE_OBJC_ARC = YES;
				CLANG_ENABLE_OBJC_WEAK = YES;
				CLANG_WARN_BLOCK_CAPTURE_AUTORELEASING = YES;
				CLANG_WARN_BOOL_CONVERSION = YES;
				CLANG_WARN_COMMA = YES;
				CLANG_WARN_CONSTANT_CONVERSION = YES;
				CLANG_WARN_DEPRECATED_OBJC_IMPLEMENTATIONS = YES;
				CLANG_WARN_DIRECT_OBJC_ISA_USAGE = YES_ERROR;
				CLANG_WARN_DOCUMENTATION_COMMENTS = YES;
				CLANG_WARN_EMPTY_BODY = YES;
				CLANG_WARN_ENUM_CONVERSION = YES;
				CLANG_WARN_INFINITE_RECURSION = YES;
				CLANG_WARN_INT_CONVERSION = YES;
				CLANG_WARN_NON_LITERAL_NULL_CONVERSION = YES;
				CLANG_WARN_OBJC_IMPLICIT_RETAIN_SELF = YES;
				CLANG_WARN_OBJC_LITERAL_CONVERSION = YES;
				CLANG_WARN_OBJC_ROOT_CLASS = YES_ERROR;
				CLANG_WARN_RANGE_LOOP_ANALYSIS = YES;
				CLANG_WARN_STRICT_PROTOTYPES = YES;
				CLANG_WARN_SUSPICIOUS_MOVE = YES;
				CLANG_WARN_UNGUARDED_AVAILABILITY = YES_AGGRESSIVE;
				CLANG_WARN_UNREACHABLE_CODE = YES;
				CLANG_WARN__DUPLICATE_METHOD_MATCH = YES;
				CODE_SIGN_IDENTITY = "iPhone Developer";
				COPY_PHASE_STRIP = NO;
				CURRENT_PROJECT_VERSION = 1;
				DEBUG_INFORMATION_FORMAT = dwarf;
				ENABLE_STRICT_OBJC_MSGSEND = YES;
				ENABLE_TESTABILITY = YES;
				GCC_C_LANGUAGE_STANDARD = gnu11;
				GCC_DYNAMIC_NO_PIC = NO;
				GCC_NO_COMMON_BLOCKS = YES;
				GCC_OPTIMIZATION_LEVEL = 0;
				GCC_PREPROCESSOR_DEFINITIONS = (
					"DEBUG=1",
					"$(inherited)",
				);
				GCC_WARN_64_TO_32_BIT_CONVERSION = YES;
				GCC_WARN_ABOUT_RETURN_TYPE = YES_ERROR;
				GCC_WARN_UNDECLARED_SELECTOR = YES;
				GCC_WARN_UNINITIALIZED_AUTOS = YES_AGGRESSIVE;
				GCC_WARN_UNUSED_FUNCTION = YES;
				GCC_WARN_UNUSED_VARIABLE = YES;
				IPHONEOS_DEPLOYMENT_TARGET = 10.0;
				MTL_ENABLE_DEBUG_INFO = INCLUDE_SOURCE;
				MTL_FAST_MATH = YES;
				ONLY_ACTIVE_ARCH = YES;
				SDKROOT = iphoneos;
				SWIFT_ACTIVE_COMPILATION_CONDITIONS = DEBUG;
				SWIFT_OPTIMIZATION_LEVEL = "-Onone";
				VERSIONING_SYSTEM = "apple-generic";
				VERSION_INFO_PREFIX = "";
			};
			name = Debug;
		};
		2B37FEEE22417601006E09B9 /* Release */ = {
			isa = XCBuildConfiguration;
			buildSettings = {
				ALWAYS_SEARCH_USER_PATHS = NO;
				CLANG_ANALYZER_NONNULL = YES;
				CLANG_ANALYZER_NUMBER_OBJECT_CONVERSION = YES_AGGRESSIVE;
				CLANG_CXX_LANGUAGE_STANDARD = "gnu++14";
				CLANG_CXX_LIBRARY = "libc++";
				CLANG_ENABLE_MODULES = YES;
				CLANG_ENABLE_OBJC_ARC = YES;
				CLANG_ENABLE_OBJC_WEAK = YES;
				CLANG_WARN_BLOCK_CAPTURE_AUTORELEASING = YES;
				CLANG_WARN_BOOL_CONVERSION = YES;
				CLANG_WARN_COMMA = YES;
				CLANG_WARN_CONSTANT_CONVERSION = YES;
				CLANG_WARN_DEPRECATED_OBJC_IMPLEMENTATIONS = YES;
				CLANG_WARN_DIRECT_OBJC_ISA_USAGE = YES_ERROR;
				CLANG_WARN_DOCUMENTATION_COMMENTS = YES;
				CLANG_WARN_EMPTY_BODY = YES;
				CLANG_WARN_ENUM_CONVERSION = YES;
				CLANG_WARN_INFINITE_RECURSION = YES;
				CLANG_WARN_INT_CONVERSION = YES;
				CLANG_WARN_NON_LITERAL_NULL_CONVERSION = YES;
				CLANG_WARN_OBJC_IMPLICIT_RETAIN_SELF = YES;
				CLANG_WARN_OBJC_LITERAL_CONVERSION = YES;
				CLANG_WARN_OBJC_ROOT_CLASS = YES_ERROR;
				CLANG_WARN_RANGE_LOOP_ANALYSIS = YES;
				CLANG_WARN_STRICT_PROTOTYPES = YES;
				CLANG_WARN_SUSPICIOUS_MOVE = YES;
				CLANG_WARN_UNGUARDED_AVAILABILITY = YES_AGGRESSIVE;
				CLANG_WARN_UNREACHABLE_CODE = YES;
				CLANG_WARN__DUPLICATE_METHOD_MATCH = YES;
				CODE_SIGN_IDENTITY = "iPhone Developer";
				COPY_PHASE_STRIP = NO;
				CURRENT_PROJECT_VERSION = 1;
				DEBUG_INFORMATION_FORMAT = "dwarf-with-dsym";
				ENABLE_NS_ASSERTIONS = NO;
				ENABLE_STRICT_OBJC_MSGSEND = YES;
				GCC_C_LANGUAGE_STANDARD = gnu11;
				GCC_NO_COMMON_BLOCKS = YES;
				GCC_WARN_64_TO_32_BIT_CONVERSION = YES;
				GCC_WARN_ABOUT_RETURN_TYPE = YES_ERROR;
				GCC_WARN_UNDECLARED_SELECTOR = YES;
				GCC_WARN_UNINITIALIZED_AUTOS = YES_AGGRESSIVE;
				GCC_WARN_UNUSED_FUNCTION = YES;
				GCC_WARN_UNUSED_VARIABLE = YES;
				IPHONEOS_DEPLOYMENT_TARGET = 10.0;
				MTL_ENABLE_DEBUG_INFO = NO;
				MTL_FAST_MATH = YES;
				SDKROOT = iphoneos;
				SWIFT_COMPILATION_MODE = wholemodule;
				SWIFT_OPTIMIZATION_LEVEL = "-O";
				VALIDATE_PRODUCT = YES;
				VERSIONING_SYSTEM = "apple-generic";
				VERSION_INFO_PREFIX = "";
			};
			name = Release;
		};
		2B37FEF022417601006E09B9 /* Debug */ = {
			isa = XCBuildConfiguration;
			baseConfigurationReference = 423620C86930BDF01433DAE8 /* Pods-WishlistModule.debug.xcconfig */;
			buildSettings = {
				CLANG_ENABLE_MODULES = YES;
				CODE_SIGN_IDENTITY = "";
				CODE_SIGN_STYLE = Automatic;
				DEFINES_MODULE = YES;
				DYLIB_COMPATIBILITY_VERSION = 1;
				DYLIB_CURRENT_VERSION = 1;
				DYLIB_INSTALL_NAME_BASE = "@rpath";
				INFOPLIST_FILE = wishlistModule/Info.plist;
				INSTALL_PATH = "$(LOCAL_LIBRARY_DIR)/Frameworks";
				LD_RUNPATH_SEARCH_PATHS = (
					"$(inherited)",
					"@executable_path/Frameworks",
					"@loader_path/Frameworks",
				);
				PRODUCT_BUNDLE_IDENTIFIER = nl.martijnschoemaker.wishlistModule;
				PRODUCT_NAME = "$(TARGET_NAME:c99extidentifier)";
				SKIP_INSTALL = YES;
				SWIFT_OPTIMIZATION_LEVEL = "-Onone";
				SWIFT_VERSION = 4.2;
				TARGETED_DEVICE_FAMILY = "1,2";
			};
			name = Debug;
		};
		2B37FEF122417601006E09B9 /* Release */ = {
			isa = XCBuildConfiguration;
			baseConfigurationReference = FE00960038F2CDEBFC766BAA /* Pods-WishlistModule.release.xcconfig */;
			buildSettings = {
				CLANG_ENABLE_MODULES = YES;
				CODE_SIGN_IDENTITY = "";
				CODE_SIGN_STYLE = Automatic;
				DEFINES_MODULE = YES;
				DYLIB_COMPATIBILITY_VERSION = 1;
				DYLIB_CURRENT_VERSION = 1;
				DYLIB_INSTALL_NAME_BASE = "@rpath";
				INFOPLIST_FILE = wishlistModule/Info.plist;
				INSTALL_PATH = "$(LOCAL_LIBRARY_DIR)/Frameworks";
				LD_RUNPATH_SEARCH_PATHS = (
					"$(inherited)",
					"@executable_path/Frameworks",
					"@loader_path/Frameworks",
				);
				PRODUCT_BUNDLE_IDENTIFIER = nl.martijnschoemaker.wishlistModule;
				PRODUCT_NAME = "$(TARGET_NAME:c99extidentifier)";
				SKIP_INSTALL = YES;
				SWIFT_VERSION = 4.2;
				TARGETED_DEVICE_FAMILY = "1,2";
			};
			name = Release;
		};
/* End XCBuildConfiguration section */

/* Begin XCConfigurationList section */
		2B37FEE122417601006E09B9 /* Build configuration list for PBXProject "WishlistModule" */ = {
			isa = XCConfigurationList;
			buildConfigurations = (
				2B37FEED22417601006E09B9 /* Debug */,
				2B37FEEE22417601006E09B9 /* Release */,
			);
			defaultConfigurationIsVisible = 0;
			defaultConfigurationName = Release;
		};
		2B37FEEF22417601006E09B9 /* Build configuration list for PBXNativeTarget "WishlistModule" */ = {
			isa = XCConfigurationList;
			buildConfigurations = (
				2B37FEF022417601006E09B9 /* Debug */,
				2B37FEF122417601006E09B9 /* Release */,
			);
			defaultConfigurationIsVisible = 0;
			defaultConfigurationName = Release;
		};
/* End XCConfigurationList section */
	};
	rootObject = 2B37FEDE22417601006E09B9 /* Project object */;
}
